
Microsoft Visual Studio Solution File, Format Version 12.00
# Visual Studio Version 16
VisualStudioVersion = 16.0.31729.503
MinimumVisualStudioVersion = 10.0.40219.1
Project("{FAE04EC0-301F-11D3-BF4B-00C04F79EFBC}") = "Ensek", "Ensek.csproj", "{8BC54D82-4DC8-44D6-9FF9-95E9AD8A07E1}"
EndProject
Global
	GlobalSection(SolutionConfigurationPlatforms) = preSolution
		Debug|Any CPU = Debug|Any CPU
		Release|Any CPU = Release|Any CPU
	EndGlobalSection
	GlobalSection(ProjectConfigurationPlatforms) = postSolution
		{8BC54D82-4DC8-44D6-9FF9-95E9AD8A07E1}.Debug|Any CPU.ActiveCfg = Debug|Any CPU
		{8BC54D82-4DC8-44D6-9FF9-95E9AD8A07E1}.Debug|Any CPU.Build.0 = Debug|Any CPU
		{8BC54D82-4DC8-44D6-9FF9-95E9AD8A07E1}.Release|Any CPU.ActiveCfg = Release|Any CPU
		{8BC54D82-4DC8-44D6-9FF9-95E9AD8A07E1}.Release|Any CPU.Build.0 = Release|Any CPU
	EndGlobalSection
	GlobalSection(SolutionProperties) = preSolution
		HideSolutionNode = FALSE
	EndGlobalSection
	GlobalSection(ExtensibilityGlobals) = postSolution
		SolutionGuid = {0D1237B3-EA5B-4601-BA07-6D56A44B0FCF}
	EndGlobalSection
EndGlobal
